
Microsoft Visual Studio Solution File, Format Version 12.00
# Visual Studio Version 16
VisualStudioVersion = 16.0.29728.190
MinimumVisualStudioVersion = 10.0.40219.1
Project("{2150E333-8FDC-42A3-9474-1A3956D46DE8}") = "TipCalculator", "TipCalculator", "{9959A2F1-D396-4D92-9D2A-07949F88B2CC}"
EndProject
Project("{FAE04EC0-301F-11D3-BF4B-00C04F79EFBC}") = "TipCalculator.Core", "TipCalculator.Core\TipCalculator.Core.csproj", "{20DAA89D-5A2A-4CE7-AEAB-5704A6F8ECB7}"
EndProject
Global
	GlobalSection(SolutionConfigurationPlatforms) = preSolution
		Debug|Any CPU = Debug|Any CPU
		Release|Any CPU = Release|Any CPU
	EndGlobalSection
	GlobalSection(ProjectConfigurationPlatforms) = postSolution
		{20DAA89D-5A2A-4CE7-AEAB-5704A6F8ECB7}.Debug|Any CPU.ActiveCfg = Debug|Any CPU
		{20DAA89D-5A2A-4CE7-AEAB-5704A6F8ECB7}.Debug|Any CPU.Build.0 = Debug|Any CPU
		{20DAA89D-5A2A-4CE7-AEAB-5704A6F8ECB7}.Release|Any CPU.ActiveCfg = Release|Any CPU
		{20DAA89D-5A2A-4CE7-AEAB-5704A6F8ECB7}.Release|Any CPU.Build.0 = Release|Any CPU
	EndGlobalSection
	GlobalSection(SolutionProperties) = preSolution
		HideSolutionNode = FALSE
	EndGlobalSection
	GlobalSection(NestedProjects) = preSolution
		{20DAA89D-5A2A-4CE7-AEAB-5704A6F8ECB7} = {9959A2F1-D396-4D92-9D2A-07949F88B2CC}
	EndGlobalSection
	GlobalSection(ExtensibilityGlobals) = postSolution
		SolutionGuid = {3973B915-832F-4260-BDFE-1FDF80CD265C}
	EndGlobalSection
EndGlobal
